{
  "name": "govuk",
  "version": "1.0.0",
  "lockfileVersion": 2,
  "requires": true,
  "packages": {
    "": {
      "name": "govuk",
      "version": "1.0.0",
      "dependencies": {
        "govuk-frontend": "^4.3.1"
      }
    },
    "node_modules/govuk-frontend": {
      "version": "4.3.1",
      "resolved": "https://registry.npmjs.org/govuk-frontend/-/govuk-frontend-4.3.1.tgz",
      "integrity": "sha512-uD0KVFds7drOwLEvfp4zRBOXuHCxkWLYDQcYvlbG+2baZ9po2TGZz8WjfzhfueYjo9+Uwk+bM0NQT6g4cg/Q+A==",
      "engines": {
        "node": ">= 4.2.0"
      }
    }
  },
  "dependencies": {
    "govuk-frontend": {
      "version": "4.3.1",
      "resolved": "https://registry.npmjs.org/govuk-frontend/-/govuk-frontend-4.3.1.tgz",
      "integrity": "sha512-uD0KVFds7drOwLEvfp4zRBOXuHCxkWLYDQcYvlbG+2baZ9po2TGZz8WjfzhfueYjo9+Uwk+bM0NQT6g4cg/Q+A=="
    }
  }
}
